// !$*UTF8*$!
{
	archiveVersion = 1;
	classes = {
	};
	objectVersion = 46;
	objects = {

/* Begin PBXBuildFile section */
		E0C5327B16EB2F87007E762C /* UIKit.framework in Frameworks */ = {isa = PBXBuildFile; fileRef = E0C5327A16EB2F87007E762C /* UIKit.framework */; };
		E0C5327D16EB2F87007E762C /* Foundation.framework in Frameworks */ = {isa = PBXBuildFile; fileRef = E0C5327C16EB2F87007E762C /* Foundation.framework */; };
		E0C5327F16EB2F87007E762C /* CoreGraphics.framework in Frameworks */ = {isa = PBXBuildFile; fileRef = E0C5327E16EB2F87007E762C /* CoreGraphics.framework */; };
		E0C5328516EB2F87007E762C /* InfoPlist.strings in Resources */ = {isa = PBXBuildFile; fileRef = E0C5328316EB2F87007E762C /* InfoPlist.strings */; };
		E0C5328716EB2F87007E762C /* main.m in Sources */ = {isa = PBXBuildFile; fileRef = E0C5328616EB2F87007E762C /* main.m */; };
		E0C5328B16EB2F87007E762C /* AppDelegate.m in Sources */ = {isa = PBXBuildFile; fileRef = E0C5328A16EB2F87007E762C /* AppDelegate.m */; };
		E0C5328D16EB2F87007E762C /* Default.png in Resources */ = {isa = PBXBuildFile; fileRef = E0C5328C16EB2F87007E762C /* Default.png */; };
		E0C5328F16EB2F87007E762C /* Default@2x.png in Resources */ = {isa = PBXBuildFile; fileRef = E0C5328E16EB2F87007E762C /* Default@2x.png */; };
		E0C5329116EB2F87007E762C /* Default-568h@2x.png in Resources */ = {isa = PBXBuildFile; fileRef = E0C5329016EB2F87007E762C /* Default-568h@2x.png */; };
		E0C5329416EB2F87007E762C /* ViewController.m in Sources */ = {isa = PBXBuildFile; fileRef = E0C5329316EB2F87007E762C /* ViewController.m */; };
		E0C5329716EB2F87007E762C /* ViewController.xib in Resources */ = {isa = PBXBuildFile; fileRef = E0C5329516EB2F87007E762C /* ViewController.xib */; };
/* End PBXBuildFile section */

/* Begin PBXFileReference section */
		E0C5327716EB2F87007E762C /* BookManager.app */ = {isa = PBXFileReference; explicitFileType = wrapper.application; includeInIndex = 0; path = BookManager.app; sourceTree = BUILT_PRODUCTS_DIR; };
		E0C5327A16EB2F87007E762C /* UIKit.framework */ = {isa = PBXFileReference; lastKnownFileType = wrapper.framework; name = UIKit.framework; path = System/Library/Frameworks/UIKit.framework; sourceTree = SDKROOT; };
		E0C5327C16EB2F87007E762C /* Foundation.framework */ = {isa = PBXFileReference; lastKnownFileType = wrapper.framework; name = Foundation.framework; path = System/Library/Frameworks/Foundation.framework; sourceTree = SDKROOT; };
		E0C5327E16EB2F87007E762C /* CoreGraphics.framework */ = {isa = PBXFileReference; lastKnownFileType = wrapper.framework; name = CoreGraphics.framework; path = System/Library/Frameworks/CoreGraphics.framework; sourceTree = SDKROOT; };
		E0C5328216EB2F87007E762C /* BookManager-Info.plist */ = {isa = PBXFileReference; lastKnownFileType = text.plist.xml; path = "BookManager-Info.plist"; sourceTree = "<group>"; };
		E0C5328416EB2F87007E762C /* en */ = {isa = PBXFileReference; lastKnownFileType = text.plist.strings; name = en; path = en.lproj/InfoPlist.strings; sourceTree = "<group>"; };
		E0C5328616EB2F87007E762C /* main.m */ = {isa = PBXFileReference; lastKnownFileType = sourcecode.c.objc; path = main.m; sourceTree = "<group>"; };
		E0C5328816EB2F87007E762C /* BookManager-Prefix.pch */ = {isa = PBXFileReference; lastKnownFileType = sourcecode.c.h; path = "BookManager-Prefix.pch"; sourceTree = "<group>"; };
		E0C5328916EB2F87007E762C /* AppDelegate.h */ = {isa = PBXFileReference; lastKnownFileType = sourcecode.c.h; path = AppDelegate.h; sourceTree = "<group>"; };
		E0C5328A16EB2F87007E762C /* AppDelegate.m */ = {isa = PBXFileReference; lastKnownFileType = sourcecode.c.objc; path = AppDelegate.m; sourceTree = "<group>"; };
		E0C5328C16EB2F87007E762C /* Default.png */ = {isa = PBXFileReference; lastKnownFileType = image.png; path = Default.png; sourceTree = "<group>"; };
		E0C5328E16EB2F87007E762C /* Default@2x.png */ = {isa = PBXFileReference; lastKnownFileType = image.png; path = "Default@2x.png"; sourceTree = "<group>"; };
		E0C5329016EB2F87007E762C /* Default-568h@2x.png */ = {isa = PBXFileReference; lastKnownFileType = image.png; path = "Default-568h@2x.png"; sourceTree = "<group>"; };
		E0C5329216EB2F87007E762C /* ViewController.h */ = {isa = PBXFileReference; lastKnownFileType = sourcecode.c.h; path = ViewController.h; sourceTree = "<group>"; };
		E0C5329316EB2F87007E762C /* ViewController.m */ = {isa = PBXFileReference; lastKnownFileType = sourcecode.c.objc; path = ViewController.m; sourceTree = "<group>"; };
		E0C5329616EB2F87007E762C /* en */ = {isa = PBXFileReference; lastKnownFileType = file.xib; name = en; path = en.lproj/ViewController.xib; sourceTree = "<group>"; };
/* End PBXFileReference section */

/* Begin PBXFrameworksBuildPhase section */
		E0C5327416EB2F87007E762C /* Frameworks */ = {
			isa = PBXFrameworksBuildPhase;
			buildActionMask = 2147483647;
			files = (
				E0C5327B16EB2F87007E762C /* UIKit.framework in Frameworks */,
				E0C5327D16EB2F87007E762C /* Foundation.framework in Frameworks */,
				E0C5327F16EB2F87007E762C /* CoreGraphics.framework in Frameworks */,
			);
			runOnlyForDeploymentPostprocessing = 0;
		};
/* End PBXFrameworksBuildPhase section */

/* Begin PBXGroup section */
		E0C5326E16EB2F87007E762C = {
			isa = PBXGroup;
			children = (
				E0C5328016EB2F87007E762C /* BookManager */,
				E0C5327916EB2F87007E762C /* Frameworks */,
				E0C5327816EB2F87007E762C /* Products */,
			);
			sourceTree = "<group>";
		};
		E0C5327816EB2F87007E762C /* Products */ = {
			isa = PBXGroup;
			children = (
				E0C5327716EB2F87007E762C /* BookManager.app */,
			);
			name = Products;
			sourceTree = "<group>";
		};
		E0C5327916EB2F87007E762C /* Frameworks */ = {
			isa = PBXGroup;
			children = (
				E0C5327A16EB2F87007E762C /* UIKit.framework */,
				E0C5327C16EB2F87007E762C /* Foundation.framework */,
				E0C5327E16EB2F87007E762C /* CoreGraphics.framework */,
			);
			name = Frameworks;
			sourceTree = "<group>";
		};
		E0C5328016EB2F87007E762C /* BookManager */ = {
			isa = PBXGroup;
			children = (
				E0C5328916EB2F87007E762C /* AppDelegate.h */,
				E0C5328A16EB2F87007E762C /* AppDelegate.m */,
				E0C5329216EB2F87007E762C /* ViewController.h */,
				E0C5329316EB2F87007E762C /* ViewController.m */,
				E0C5329516EB2F87007E762C /* ViewController.xib */,
				E0C5328116EB2F87007E762C /* Supporting Files */,
			);
			path = BookManager;
			sourceTree = "<group>";
		};
		E0C5328116EB2F87007E762C /* Supporting Files */ = {
			isa = PBXGroup;
			children = (
				E0C5328216EB2F87007E762C /* BookManager-Info.plist */,
				E0C5328316EB2F87007E762C /* InfoPlist.strings */,
				E0C5328616EB2F87007E762C /* main.m */,
				E0C5328816EB2F87007E762C /* BookManager-Prefix.pch */,
				E0C5328C16EB2F87007E762C /* Default.png */,
				E0C5328E16EB2F87007E762C /* Default@2x.png */,
				E0C5329016EB2F87007E762C /* Default-568h@2x.png */,
			);
			name = "Supporting Files";
			sourceTree = "<group>";
		};
/* End PBXGroup section */

/* Begin PBXNativeTarget section */
		E0C5327616EB2F87007E762C /* BookManager */ = {
			isa = PBXNativeTarget;
			buildConfigurationList = E0C5329A16EB2F87007E762C /* Build configuration list for PBXNativeTarget "BookManager" */;
			buildPhases = (
				E0C5327316EB2F87007E762C /* Sources */,
				E0C5327416EB2F87007E762C /* Frameworks */,
				E0C5327516EB2F87007E762C /* Resources */,
			);
			buildRules = (
			);
			dependencies = (
			);
			name = BookManager;
			productName = BookManager;
			productReference = E0C5327716EB2F87007E762C /* BookManager.app */;
			productType = "com.apple.product-type.application";
		};
/* End PBXNativeTarget section */

/* Begin PBXProject section */
		E0C5326F16EB2F87007E762C /* Project object */ = {
			isa = PBXProject;
			attributes = {
				LastUpgradeCheck = 0460;
				ORGANIZATIONNAME = FPT;
			};
			buildConfigurationList = E0C5327216EB2F87007E762C /* Build configuration list for PBXProject "BookManager" */;
			compatibilityVersion = "Xcode 3.2";
			developmentRegion = English;
			hasScannedForEncodings = 0;
			knownRegions = (
				en,
			);
			mainGroup = E0C5326E16EB2F87007E762C;
			productRefGroup = E0C5327816EB2F87007E762C /* Products */;
			projectDirPath = "";
			projectRoot = "";
			targets = (
				E0C5327616EB2F87007E762C /* BookManager */,
			);
		};
/* End PBXProject section */

/* Begin PBXResourcesBuildPhase section */
		E0C5327516EB2F87007E762C /* Resources */ = {
			isa = PBXResourcesBuildPhase;
			buildActionMask = 2147483647;
			files = (
				E0C5328516EB2F87007E762C /* InfoPlist.strings in Resources */,
				E0C5328D16EB2F87007E762C /* Default.png in Resources */,
				E0C5328F16EB2F87007E762C /* Default@2x.png in Resources */,
				E0C5329116EB2F87007E762C /* Default-568h@2x.png in Resources */,
				E0C5329716EB2F87007E762C /* ViewController.xib in Resources */,
			);
			runOnlyForDeploymentPostprocessing = 0;
		};
/* End PBXResourcesBuildPhase section */

/* Begin PBXSourcesBuildPhase section */
		E0C5327316EB2F87007E762C /* Sources */ = {
			isa = PBXSourcesBuildPhase;
			buildActionMask = 2147483647;
			files = (
				E0C5328716EB2F87007E762C /* main.m in Sources */,
				E0C5328B16EB2F87007E762C /* AppDelegate.m in Sources */,
				E0C5329416EB2F87007E762C /* ViewController.m in Sources */,
			);
			runOnlyForDeploymentPostprocessing = 0;
		};
/* End PBXSourcesBuildPhase section */

/* Begin PBXVariantGroup section */
		E0C5328316EB2F87007E762C /* InfoPlist.strings */ = {
			isa = PBXVariantGroup;
			children = (
				E0C5328416EB2F87007E762C /* en */,
			);
			name = InfoPlist.strings;
			sourceTree = "<group>";
		};
		E0C5329516EB2F87007E762C /* ViewController.xib */ = {
			isa = PBXVariantGroup;
			children = (
				E0C5329616EB2F87007E762C /* en */,
			);
			name = ViewController.xib;
			sourceTree = "<group>";
		};
/* End PBXVariantGroup section */

/* Begin XCBuildConfiguration section */
		E0C5329816EB2F87007E762C /* Debug */ = {
			isa = XCBuildConfiguration;
			buildSettings = {
				ALWAYS_SEARCH_USER_PATHS = NO;
				CLANG_CXX_LANGUAGE_STANDARD = "gnu++0x";
				CLANG_CXX_LIBRARY = "libc++";
				CLANG_ENABLE_OBJC_ARC = YES;
				CLANG_WARN_CONSTANT_CONVERSION = YES;
				CLANG_WARN_EMPTY_BODY = YES;
				CLANG_WARN_ENUM_CONVERSION = YES;
				CLANG_WARN_INT_CONVERSION = YES;
				CLANG_WARN__DUPLICATE_METHOD_MATCH = YES;
				"CODE_SIGN_IDENTITY[sdk=iphoneos*]" = "iPhone Developer";
				COPY_PHASE_STRIP = NO;
				GCC_C_LANGUAGE_STANDARD = gnu99;
				GCC_DYNAMIC_NO_PIC = NO;
				GCC_OPTIMIZATION_LEVEL = 0;
				GCC_PREPROCESSOR_DEFINITIONS = (
					"DEBUG=1",
					"$(inherited)",
				);
				GCC_SYMBOLS_PRIVATE_EXTERN = NO;
				GCC_WARN_ABOUT_RETURN_TYPE = YES;
				GCC_WARN_UNINITIALIZED_AUTOS = YES;
				GCC_WARN_UNUSED_VARIABLE = YES;
				IPHONEOS_DEPLOYMENT_TARGET = 6.1;
				ONLY_ACTIVE_ARCH = YES;
				SDKROOT = iphoneos;
			};
			name = Debug;
		};
		E0C5329916EB2F87007E762C /* Release */ = {
			isa = XCBuildConfiguration;
			buildSettings = {
				ALWAYS_SEARCH_USER_PATHS = NO;
				CLANG_CXX_LANGUAGE_STANDARD = "gnu++0x";
				CLANG_CXX_LIBRARY = "libc++";
				CLANG_ENABLE_OBJC_ARC = YES;
				CLANG_WARN_CONSTANT_CONVERSION = YES;
				CLANG_WARN_EMPTY_BODY = YES;
				CLANG_WARN_ENUM_CONVERSION = YES;
				CLANG_WARN_INT_CONVERSION = YES;
				CLANG_WARN__DUPLICATE_METHOD_MATCH = YES;
				"CODE_SIGN_IDENTITY[sdk=iphoneos*]" = "iPhone Developer";
				COPY_PHASE_STRIP = YES;
				GCC_C_LANGUAGE_STANDARD = gnu99;
				GCC_WARN_ABOUT_RETURN_TYPE = YES;
				GCC_WARN_UNINITIALIZED_AUTOS = YES;
				GCC_WARN_UNUSED_VARIABLE = YES;
				IPHONEOS_DEPLOYMENT_TARGET = 6.1;
				OTHER_CFLAGS = "-DNS_BLOCK_ASSERTIONS=1";
				SDKROOT = iphoneos;
				VALIDATE_PRODUCT = YES;
			};
			name = Release;
		};
		E0C5329B16EB2F87007E762C /* Debug */ = {
			isa = XCBuildConfiguration;
			buildSettings = {
				GCC_PRECOMPILE_PREFIX_HEADER = YES;
				GCC_PREFIX_HEADER = "BookManager/BookManager-Prefix.pch";
				INFOPLIST_FILE = "BookManager/BookManager-Info.plist";
				PRODUCT_NAME = "$(TARGET_NAME)";
				WRAPPER_EXTENSION = app;
			};
			name = Debug;
		};
		E0C5329C16EB2F87007E762C /* Release */ = {
			isa = XCBuildConfiguration;
			buildSettings = {
				GCC_PRECOMPILE_PREFIX_HEADER = YES;
				GCC_PREFIX_HEADER = "BookManager/BookManager-Prefix.pch";
				INFOPLIST_FILE = "BookManager/BookManager-Info.plist";
				PRODUCT_NAME = "$(TARGET_NAME)";
				WRAPPER_EXTENSION = app;
			};
			name = Release;
		};
/* End XCBuildConfiguration section */

/* Begin XCConfigurationList section */
		E0C5327216EB2F87007E762C /* Build configuration list for PBXProject "BookManager" */ = {
			isa = XCConfigurationList;
			buildConfigurations = (
				E0C5329816EB2F87007E762C /* Debug */,
				E0C5329916EB2F87007E762C /* Release */,
			);
			defaultConfigurationIsVisible = 0;
			defaultConfigurationName = Release;
		};
		E0C5329A16EB2F87007E762C /* Build configuration list for PBXNativeTarget "BookManager" */ = {
			isa = XCConfigurationList;
			buildConfigurations = (
				E0C5329B16EB2F87007E762C /* Debug */,
				E0C5329C16EB2F87007E762C /* Release */,
			);
			defaultConfigurationIsVisible = 0;
		};
/* End XCConfigurationList section */
	};
	rootObject = E0C5326F16EB2F87007E762C /* Project object */;
}
